
Microsoft Visual Studio Solution File, Format Version 12.00
# Visual Studio Version 16
VisualStudioVersion = 16.0.28729.10
MinimumVisualStudioVersion = 10.0.40219.1
Project("{FAE04EC0-301F-11D3-BF4B-00C04F79EFBC}") = "Gone.Android", "Gone\Gone.Android\Gone.Android.csproj", "{368DDAFF-6193-4B68-9B30-6DFBE86A8E32}"
EndProject
Project("{FAE04EC0-301F-11D3-BF4B-00C04F79EFBC}") = "Gone", "Gone\Gone\Gone.csproj", "{0B579CAF-F290-416D-81EA-676E01E15882}"
EndProject
Global
	GlobalSection(SolutionConfigurationPlatforms) = preSolution
		Debug|Any CPU = Debug|Any CPU
		Release|Any CPU = Release|Any CPU
	EndGlobalSection
	GlobalSection(ProjectConfigurationPlatforms) = postSolution
		{368DDAFF-6193-4B68-9B30-6DFBE86A8E32}.Debug|Any CPU.ActiveCfg = Debug|Any CPU
		{368DDAFF-6193-4B68-9B30-6DFBE86A8E32}.Debug|Any CPU.Build.0 = Debug|Any CPU
		{368DDAFF-6193-4B68-9B30-6DFBE86A8E32}.Debug|Any CPU.Deploy.0 = Debug|Any CPU
		{368DDAFF-6193-4B68-9B30-6DFBE86A8E32}.Release|Any CPU.ActiveCfg = Release|Any CPU
		{368DDAFF-6193-4B68-9B30-6DFBE86A8E32}.Release|Any CPU.Build.0 = Release|Any CPU
		{368DDAFF-6193-4B68-9B30-6DFBE86A8E32}.Release|Any CPU.Deploy.0 = Release|Any CPU
		{0B579CAF-F290-416D-81EA-676E01E15882}.Debug|Any CPU.ActiveCfg = Debug|Any CPU
		{0B579CAF-F290-416D-81EA-676E01E15882}.Debug|Any CPU.Build.0 = Debug|Any CPU
		{0B579CAF-F290-416D-81EA-676E01E15882}.Debug|Any CPU.Deploy.0 = Debug|Any CPU
		{0B579CAF-F290-416D-81EA-676E01E15882}.Release|Any CPU.ActiveCfg = Release|Any CPU
		{0B579CAF-F290-416D-81EA-676E01E15882}.Release|Any CPU.Build.0 = Release|Any CPU
		{0B579CAF-F290-416D-81EA-676E01E15882}.Release|Any CPU.Deploy.0 = Release|Any CPU
	EndGlobalSection
	GlobalSection(SolutionProperties) = preSolution
		HideSolutionNode = FALSE
	EndGlobalSection
	GlobalSection(ExtensibilityGlobals) = postSolution
		SolutionGuid = {E001AB8E-FE97-4BF5-A450-8804F7EA62FA}
	EndGlobalSection
EndGlobal
